
Microsoft Visual Studio Solution File, Format Version 12.00
# Visual Studio Version 17
VisualStudioVersion = 17.9.34728.123
MinimumVisualStudioVersion = 10.0.40219.1
Project("{FAE04EC0-301F-11D3-BF4B-00C04F79EFBC}") = "Pousada Luar", "Pousada Luar\Pousada Luar.csproj", "{AEA897EE-B637-4BD5-A9DA-F720262B2B6F}"
EndProject
Global
	GlobalSection(SolutionConfigurationPlatforms) = preSolution
		Debug|Any CPU = Debug|Any CPU
		Release|Any CPU = Release|Any CPU
	EndGlobalSection
	GlobalSection(ProjectConfigurationPlatforms) = postSolution
		{AEA897EE-B637-4BD5-A9DA-F720262B2B6F}.Debug|Any CPU.ActiveCfg = Debug|Any CPU
		{AEA897EE-B637-4BD5-A9DA-F720262B2B6F}.Debug|Any CPU.Build.0 = Debug|Any CPU
		{AEA897EE-B637-4BD5-A9DA-F720262B2B6F}.Release|Any CPU.ActiveCfg = Release|Any CPU
		{AEA897EE-B637-4BD5-A9DA-F720262B2B6F}.Release|Any CPU.Build.0 = Release|Any CPU
	EndGlobalSection
	GlobalSection(SolutionProperties) = preSolution
		HideSolutionNode = FALSE
	EndGlobalSection
	GlobalSection(ExtensibilityGlobals) = postSolution
		SolutionGuid = {5FB3F0EC-0588-44CF-A555-D9287CDCA652}
	EndGlobalSection
EndGlobal
